
Microsoft Visual Studio Solution File, Format Version 12.00
# Visual Studio 15
VisualStudioVersion = 15.0.26430.16
MinimumVisualStudioVersion = 10.0.40219.1
Project("{FAE04EC0-301F-11D3-BF4B-00C04F79EFBC}") = "LambAndLentil.Domain", "LambAndLentil.Domain\LambAndLentil.Domain.csproj", "{011B34BE-4A36-4772-B2AF-DC1600948477}"
EndProject
Project("{FAE04EC0-301F-11D3-BF4B-00C04F79EFBC}") = "LambAndLentil.UI", "LambAndLentil.UI\LambAndLentil.UI.csproj", "{19290D3B-EB39-4496-A03D-48CD2EFD56AA}"
EndProject
Project("{FAE04EC0-301F-11D3-BF4B-00C04F79EFBC}") = "LambAndLentil.Test", "LambAndLentil.Test\LambAndLentil.Test.csproj", "{A3348C9C-2CF1-438F-A378-0629FB23521A}"
EndProject
Project("{2150E333-8FDC-42A3-9474-1A3956D46DE8}") = "Tests", "Tests", "{8F7C3E6A-1D96-4B13-8830-C3F253DB537B}"
EndProject
Global
	GlobalSection(SolutionConfigurationPlatforms) = preSolution
		Debug|Any CPU = Debug|Any CPU
		Release|Any CPU = Release|Any CPU
	EndGlobalSection
	GlobalSection(ProjectConfigurationPlatforms) = postSolution
		{011B34BE-4A36-4772-B2AF-DC1600948477}.Debug|Any CPU.ActiveCfg = Debug|Any CPU
		{011B34BE-4A36-4772-B2AF-DC1600948477}.Debug|Any CPU.Build.0 = Debug|Any CPU
		{011B34BE-4A36-4772-B2AF-DC1600948477}.Release|Any CPU.ActiveCfg = Release|Any CPU
		{011B34BE-4A36-4772-B2AF-DC1600948477}.Release|Any CPU.Build.0 = Release|Any CPU
		{19290D3B-EB39-4496-A03D-48CD2EFD56AA}.Debug|Any CPU.ActiveCfg = Debug|Any CPU
		{19290D3B-EB39-4496-A03D-48CD2EFD56AA}.Debug|Any CPU.Build.0 = Debug|Any CPU
		{19290D3B-EB39-4496-A03D-48CD2EFD56AA}.Release|Any CPU.ActiveCfg = Release|Any CPU
		{19290D3B-EB39-4496-A03D-48CD2EFD56AA}.Release|Any CPU.Build.0 = Release|Any CPU
		{A3348C9C-2CF1-438F-A378-0629FB23521A}.Debug|Any CPU.ActiveCfg = Debug|Any CPU
		{A3348C9C-2CF1-438F-A378-0629FB23521A}.Debug|Any CPU.Build.0 = Debug|Any CPU
		{A3348C9C-2CF1-438F-A378-0629FB23521A}.Release|Any CPU.ActiveCfg = Release|Any CPU
		{A3348C9C-2CF1-438F-A378-0629FB23521A}.Release|Any CPU.Build.0 = Release|Any CPU
	EndGlobalSection
	GlobalSection(SolutionProperties) = preSolution
		HideSolutionNode = FALSE
	EndGlobalSection
	GlobalSection(NestedProjects) = preSolution
		{A3348C9C-2CF1-438F-A378-0629FB23521A} = {8F7C3E6A-1D96-4B13-8830-C3F253DB537B}
	EndGlobalSection
EndGlobal
